
Microsoft Visual Studio Solution File, Format Version 12.00
# Visual Studio Version 17
VisualStudioVersion = 17.11.35327.3
MinimumVisualStudioVersion = 10.0.40219.1
Project("{9A19103F-16F7-4668-BE54-9A1E7A4F7556}") = "Kapps.RapidSharp", "src\Kapps.RapidSharp\Kapps.RapidSharp.csproj", "{05E3303A-00C7-447F-94C4-9ABA542A799D}"
EndProject
Project("{FAE04EC0-301F-11D3-BF4B-00C04F79EFBC}") = "Kapps.RapidSharpNetCore", "src\Kapps.RapidSharpNet\Kapps.RapidSharpNet.csproj", "{647CEAE3-404A-4D18-A7E7-8C37D06CF06B}"
EndProject
Global
	GlobalSection(SolutionConfigurationPlatforms) = preSolution
		Debug|Any CPU = Debug|Any CPU
		Release|Any CPU = Release|Any CPU
	EndGlobalSection
	GlobalSection(ProjectConfigurationPlatforms) = postSolution
		{05E3303A-00C7-447F-94C4-9ABA542A799D}.Debug|Any CPU.ActiveCfg = Debug|Any CPU
		{05E3303A-00C7-447F-94C4-9ABA542A799D}.Debug|Any CPU.Build.0 = Debug|Any CPU
		{05E3303A-00C7-447F-94C4-9ABA542A799D}.Release|Any CPU.ActiveCfg = Release|Any CPU
		{05E3303A-00C7-447F-94C4-9ABA542A799D}.Release|Any CPU.Build.0 = Release|Any CPU
		{647CEAE3-404A-4D18-A7E7-8C37D06CF06B}.Debug|Any CPU.ActiveCfg = Debug|Any CPU
		{647CEAE3-404A-4D18-A7E7-8C37D06CF06B}.Debug|Any CPU.Build.0 = Debug|Any CPU
		{647CEAE3-404A-4D18-A7E7-8C37D06CF06B}.Release|Any CPU.ActiveCfg = Release|Any CPU
		{647CEAE3-404A-4D18-A7E7-8C37D06CF06B}.Release|Any CPU.Build.0 = Release|Any CPU
	EndGlobalSection
	GlobalSection(SolutionProperties) = preSolution
		HideSolutionNode = FALSE
	EndGlobalSection
	GlobalSection(ExtensibilityGlobals) = postSolution
		SolutionGuid = {FE6FACC1-5464-4823-A51C-72EA1D3F6574}
	EndGlobalSection
EndGlobal
